
Microsoft Visual Studio Solution File, Format Version 12.00
# Visual Studio Version 17
VisualStudioVersion = 17.5.33424.131
MinimumVisualStudioVersion = 10.0.40219.1
Project("{FAE04EC0-301F-11D3-BF4B-00C04F79EFBC}") = "WPF 01", "WPF 01\WPF 01.csproj", "{D1E284E1-DD2E-417B-8429-8B65D15B8C45}"
EndProject
Project("{FAE04EC0-301F-11D3-BF4B-00C04F79EFBC}") = "DependencyProps", "DependencyProps\DependencyProps.csproj", "{659C9CF2-0BD7-48ED-A723-C82984CF8DB2}"
EndProject
Project("{FAE04EC0-301F-11D3-BF4B-00C04F79EFBC}") = "DataBinding", "DataBinding\DataBinding.csproj", "{763D986F-A012-4E1A-8D2B-74A3889448B9}"
EndProject
Project("{FAE04EC0-301F-11D3-BF4B-00C04F79EFBC}") = "INotifyPropertyChanhged_Interface", "INotifyPropertyChanhged_Interface\INotifyPropertyChanhged_Interface.csproj", "{E740B638-1F09-4E26-9A16-F7C801984535}"
EndProject
Project("{FAE04EC0-301F-11D3-BF4B-00C04F79EFBC}") = "ListBox", "ListBox\ListBox.csproj", "{3A1F0430-ABCB-4ED3-A61C-4E770EEC5E65}"
EndProject
Project("{FAE04EC0-301F-11D3-BF4B-00C04F79EFBC}") = "ComboBox", "ComboBox\ComboBox.csproj", "{8B842502-FFD6-46DA-8B49-CF478DA4F0A2}"
EndProject
Project("{FAE04EC0-301F-11D3-BF4B-00C04F79EFBC}") = "CheckBox", "CheckBox\CheckBox.csproj", "{A849380D-AE68-4CE1-8475-5BA528A08CBE}"
EndProject
Project("{FAE04EC0-301F-11D3-BF4B-00C04F79EFBC}") = "ToolTip", "ToolTip\ToolTip.csproj", "{0A51CB77-0AF9-4AAB-82F3-E43D000C0666}"
EndProject
Project("{FAE04EC0-301F-11D3-BF4B-00C04F79EFBC}") = "RadioButtons", "RadioButtons\RadioButtons.csproj", "{6B75032F-E2C8-4667-A445-A76023E52AA9}"
EndProject
Project("{FAE04EC0-301F-11D3-BF4B-00C04F79EFBC}") = "PropertyDataAndEvent", "PropertyDataAndEvent\PropertyDataAndEvent.csproj", "{8DBC6331-20BC-4209-9871-BB31872395CB}"
EndProject
Project("{FAE04EC0-301F-11D3-BF4B-00C04F79EFBC}") = "PasswordBox", "PasswordBox\PasswordBox.csproj", "{899D9284-6A5C-4039-9DC6-8A331D7F1D62}"
EndProject
Global
	GlobalSection(SolutionConfigurationPlatforms) = preSolution
		Debug|Any CPU = Debug|Any CPU
		Release|Any CPU = Release|Any CPU
	EndGlobalSection
	GlobalSection(ProjectConfigurationPlatforms) = postSolution
		{D1E284E1-DD2E-417B-8429-8B65D15B8C45}.Debug|Any CPU.ActiveCfg = Debug|Any CPU
		{D1E284E1-DD2E-417B-8429-8B65D15B8C45}.Debug|Any CPU.Build.0 = Debug|Any CPU
		{D1E284E1-DD2E-417B-8429-8B65D15B8C45}.Release|Any CPU.ActiveCfg = Release|Any CPU
		{D1E284E1-DD2E-417B-8429-8B65D15B8C45}.Release|Any CPU.Build.0 = Release|Any CPU
		{659C9CF2-0BD7-48ED-A723-C82984CF8DB2}.Debug|Any CPU.ActiveCfg = Debug|Any CPU
		{659C9CF2-0BD7-48ED-A723-C82984CF8DB2}.Debug|Any CPU.Build.0 = Debug|Any CPU
		{659C9CF2-0BD7-48ED-A723-C82984CF8DB2}.Release|Any CPU.ActiveCfg = Release|Any CPU
		{659C9CF2-0BD7-48ED-A723-C82984CF8DB2}.Release|Any CPU.Build.0 = Release|Any CPU
		{763D986F-A012-4E1A-8D2B-74A3889448B9}.Debug|Any CPU.ActiveCfg = Debug|Any CPU
		{763D986F-A012-4E1A-8D2B-74A3889448B9}.Debug|Any CPU.Build.0 = Debug|Any CPU
		{763D986F-A012-4E1A-8D2B-74A3889448B9}.Release|Any CPU.ActiveCfg = Release|Any CPU
		{763D986F-A012-4E1A-8D2B-74A3889448B9}.Release|Any CPU.Build.0 = Release|Any CPU
		{E740B638-1F09-4E26-9A16-F7C801984535}.Debug|Any CPU.ActiveCfg = Debug|Any CPU
		{E740B638-1F09-4E26-9A16-F7C801984535}.Debug|Any CPU.Build.0 = Debug|Any CPU
		{E740B638-1F09-4E26-9A16-F7C801984535}.Release|Any CPU.ActiveCfg = Release|Any CPU
		{E740B638-1F09-4E26-9A16-F7C801984535}.Release|Any CPU.Build.0 = Release|Any CPU
		{3A1F0430-ABCB-4ED3-A61C-4E770EEC5E65}.Debug|Any CPU.ActiveCfg = Debug|Any CPU
		{3A1F0430-ABCB-4ED3-A61C-4E770EEC5E65}.Debug|Any CPU.Build.0 = Debug|Any CPU
		{3A1F0430-ABCB-4ED3-A61C-4E770EEC5E65}.Release|Any CPU.ActiveCfg = Release|Any CPU
		{3A1F0430-ABCB-4ED3-A61C-4E770EEC5E65}.Release|Any CPU.Build.0 = Release|Any CPU
		{8B842502-FFD6-46DA-8B49-CF478DA4F0A2}.Debug|Any CPU.ActiveCfg = Debug|Any CPU
		{8B842502-FFD6-46DA-8B49-CF478DA4F0A2}.Debug|Any CPU.Build.0 = Debug|Any CPU
		{8B842502-FFD6-46DA-8B49-CF478DA4F0A2}.Release|Any CPU.ActiveCfg = Release|Any CPU
		{8B842502-FFD6-46DA-8B49-CF478DA4F0A2}.Release|Any CPU.Build.0 = Release|Any CPU
		{A849380D-AE68-4CE1-8475-5BA528A08CBE}.Debug|Any CPU.ActiveCfg = Debug|Any CPU
		{A849380D-AE68-4CE1-8475-5BA528A08CBE}.Debug|Any CPU.Build.0 = Debug|Any CPU
		{A849380D-AE68-4CE1-8475-5BA528A08CBE}.Release|Any CPU.ActiveCfg = Release|Any CPU
		{A849380D-AE68-4CE1-8475-5BA528A08CBE}.Release|Any CPU.Build.0 = Release|Any CPU
		{0A51CB77-0AF9-4AAB-82F3-E43D000C0666}.Debug|Any CPU.ActiveCfg = Debug|Any CPU
		{0A51CB77-0AF9-4AAB-82F3-E43D000C0666}.Debug|Any CPU.Build.0 = Debug|Any CPU
		{0A51CB77-0AF9-4AAB-82F3-E43D000C0666}.Release|Any CPU.ActiveCfg = Release|Any CPU
		{0A51CB77-0AF9-4AAB-82F3-E43D000C0666}.Release|Any CPU.Build.0 = Release|Any CPU
		{6B75032F-E2C8-4667-A445-A76023E52AA9}.Debug|Any CPU.ActiveCfg = Debug|Any CPU
		{6B75032F-E2C8-4667-A445-A76023E52AA9}.Debug|Any CPU.Build.0 = Debug|Any CPU
		{6B75032F-E2C8-4667-A445-A76023E52AA9}.Release|Any CPU.ActiveCfg = Release|Any CPU
		{6B75032F-E2C8-4667-A445-A76023E52AA9}.Release|Any CPU.Build.0 = Release|Any CPU
		{8DBC6331-20BC-4209-9871-BB31872395CB}.Debug|Any CPU.ActiveCfg = Debug|Any CPU
		{8DBC6331-20BC-4209-9871-BB31872395CB}.Debug|Any CPU.Build.0 = Debug|Any CPU
		{8DBC6331-20BC-4209-9871-BB31872395CB}.Release|Any CPU.ActiveCfg = Release|Any CPU
		{8DBC6331-20BC-4209-9871-BB31872395CB}.Release|Any CPU.Build.0 = Release|Any CPU
		{899D9284-6A5C-4039-9DC6-8A331D7F1D62}.Debug|Any CPU.ActiveCfg = Debug|Any CPU
		{899D9284-6A5C-4039-9DC6-8A331D7F1D62}.Debug|Any CPU.Build.0 = Debug|Any CPU
		{899D9284-6A5C-4039-9DC6-8A331D7F1D62}.Release|Any CPU.ActiveCfg = Release|Any CPU
		{899D9284-6A5C-4039-9DC6-8A331D7F1D62}.Release|Any CPU.Build.0 = Release|Any CPU
	EndGlobalSection
	GlobalSection(SolutionProperties) = preSolution
		HideSolutionNode = FALSE
	EndGlobalSection
	GlobalSection(ExtensibilityGlobals) = postSolution
		SolutionGuid = {3C6A7027-C8DE-4913-A490-93B3A6D44CFE}
	EndGlobalSection
EndGlobal
